# This file is automatically @generated by Cargo.
# It is not intended for manual editing.
version = 3

[[package]]
name = "fdsfds"
version = "0.1.0"
dependencies = [
 "recursion",
]

[[package]]
name = "recursion"
version = "0.5.1"
source = "registry+https://github.com/rust-lang/crates.io-index"
checksum = "f53e857b2b1b92a9265c645b3d5aa76d8435f81d06af5ca08f9027b1225351c2"
